{
	"name": "dhtml",
	"lockfileVersion": 3,
	"requires": true,
	"packages": {
		"": {
			"name": "dhtml",
			"hasInstallScript": true,
			"workspaces": [
				".",
				"examples/*"
			],
			"devDependencies": {
				"@happy-dom/global-registrator": "^18.0.0",
				"@types/node": "^22.15.30",
				"bun-types": "^1.2.15",
				"magic-string": "^0.30.17",
				"mitata": "^1.0.34",
				"patch-package": "^8.0.0",
				"prettier": "^3.5.3",
				"prettier-plugin-organize-imports": "^4.1.0",
				"rolldown": "^1.0.0-beta.12",
				"rolldown-plugin-dts": "^0.14.0",
				"terser": "^5.41.0",
				"typescript": "^5.8.3",
				"zimmerframe": "^1.1.2"
			}
		},
		"dist": {
			"name": "dhtml"
		},
		"examples/kanban": {
			"name": "@dhtml-examples/kanban",
			"dependencies": {
				"@tombl/router": "npm:@jsr/tombl__router@^0.1.2",
				"dhtml": "file:../../dist",
				"sqlocal": "^0.14.1"
			},
			"devDependencies": {
				"typescript": "~5.8.3",
				"vite": "^6.3.5",
				"vite-tsconfig-paths": "^5.1.4"
			}
		},
		"examples/kanban/node_modules/dhtml": {
			"resolved": "dist",
			"link": true
		},
		"examples/todomvc": {
			"name": "@dhtml-examples/todomvc",
			"dependencies": {
				"dhtml": "file:../../dist"
			},
			"devDependencies": {
				"typescript": "~5.8.3"
			}
		},
		"examples/todomvc/node_modules/dhtml": {
			"resolved": "dist",
			"link": true
		},
		"examples/uibench": {
			"name": "@dhtml-examples/uibench",
			"dependencies": {
				"dhtml": "file:../../dist"
			},
			"devDependencies": {
				"typescript": "~5.8.3"
			}
		},
		"examples/uibench/node_modules/dhtml": {
			"resolved": "dist",
			"link": true
		},
		"node_modules/@babel/generator": {
			"version": "7.28.0",
			"resolved": "https://registry.npmjs.org/@babel/generator/-/generator-7.28.0.tgz",
			"integrity": "sha512-lJjzvrbEeWrhB4P3QBsH7tey117PjLZnDbLiQEKjQ/fNJTjuq4HSqgFA+UNSwZT8D7dxxbnuSBMsa1lrWzKlQg==",
			"dev": true,
			"license": "MIT",
			"dependencies": {
				"@babel/parser": "^7.28.0",
				"@babel/types": "^7.28.0",
				"@jridgewell/gen-mapping": "^0.3.12",
				"@jridgewell/trace-mapping": "^0.3.28",
				"jsesc": "^3.0.2"
			},
			"engines": {
				"node": ">=6.9.0"
			}
		},
		"node_modules/@babel/helper-string-parser": {
			"version": "7.27.1",
			"resolved": "https://registry.npmjs.org/@babel/helper-string-parser/-/helper-string-parser-7.27.1.tgz",
			"integrity": "sha512-qMlSxKbpRlAridDExk92nSobyDdpPijUq2DW6oDnUqd0iOGxmQjyqhMIihI9+zv4LPyZdRje2cavWPbCbWm3eA==",
			"dev": true,
			"license": "MIT",
			"engines": {
				"node": ">=6.9.0"
			}
		},
		"node_modules/@babel/helper-validator-identifier": {
			"version": "7.27.1",
			"resolved": "https://registry.npmjs.org/@babel/helper-validator-identifier/-/helper-validator-identifier-7.27.1.tgz",
			"integrity": "sha512-D2hP9eA+Sqx1kBZgzxZh0y1trbuU+JoDkiEwqhQ36nodYqJwyEIhPSdMNd7lOm/4io72luTPWH20Yda0xOuUow==",
			"dev": true,
			"license": "MIT",
			"engines": {
				"node": ">=6.9.0"
			}
		},
		"node_modules/@babel/parser": {
			"version": "7.28.0",
			"resolved": "https://registry.npmjs.org/@babel/parser/-/parser-7.28.0.tgz",
			"integrity": "sha512-jVZGvOxOuNSsuQuLRTh13nU0AogFlw32w/MT+LV6D3sP5WdbW61E77RnkbaO2dUvmPAYrBDJXGn5gGS6tH4j8g==",
			"dev": true,
			"license": "MIT",
			"dependencies": {
				"@babel/types": "^7.28.0"
			},
			"bin": {
				"parser": "bin/babel-parser.js"
			},
			"engines": {
				"node": ">=6.0.0"
			}
		},
		"node_modules/@babel/types": {
			"version": "7.28.1",
			"resolved": "https://registry.npmjs.org/@babel/types/-/types-7.28.1.tgz",
			"integrity": "sha512-x0LvFTekgSX+83TI28Y9wYPUfzrnl2aT5+5QLnO6v7mSJYtEEevuDRN0F0uSHRk1G1IWZC43o00Y0xDDrpBGPQ==",
			"dev": true,
			"license": "MIT",
			"dependencies": {
				"@babel/helper-string-parser": "^7.27.1",
				"@babel/helper-validator-identifier": "^7.27.1"
			},
			"engines": {
				"node": ">=6.9.0"
			}
		},
		"node_modules/@dhtml-examples/kanban": {
			"resolved": "examples/kanban",
			"link": true
		},
		"node_modules/@dhtml-examples/todomvc": {
			"resolved": "examples/todomvc",
			"link": true
		},
		"node_modules/@dhtml-examples/uibench": {
			"resolved": "examples/uibench",
			"link": true
		},
		"node_modules/@emnapi/core": {
			"version": "1.4.4",
			"resolved": "https://registry.npmjs.org/@emnapi/core/-/core-1.4.4.tgz",
			"integrity": "sha512-A9CnAbC6ARNMKcIcrQwq6HeHCjpcBZ5wSx4U01WXCqEKlrzB9F9315WDNHkrs2xbx7YjjSxbUYxuN6EQzpcY2g==",
			"dev": true,
			"license": "MIT",
			"optional": true,
			"dependencies": {
				"@emnapi/wasi-threads": "1.0.3",
				"tslib": "^2.4.0"
			}
		},
		"node_modules/@emnapi/runtime": {
			"version": "1.4.4",
			"resolved": "https://registry.npmjs.org/@emnapi/runtime/-/runtime-1.4.4.tgz",
			"integrity": "sha512-hHyapA4A3gPaDCNfiqyZUStTMqIkKRshqPIuDOXv1hcBnD4U3l8cP0T1HMCfGRxQ6V64TGCcoswChANyOAwbQg==",
			"dev": true,
			"license": "MIT",
			"optional": true,
			"dependencies": {
				"tslib": "^2.4.0"
			}
		},
		"node_modules/@emnapi/wasi-threads": {
			"version": "1.0.3",
			"resolved": "https://registry.npmjs.org/@emnapi/wasi-threads/-/wasi-threads-1.0.3.tgz",
			"integrity": "sha512-8K5IFFsQqF9wQNJptGbS6FNKgUTsSRYnTqNCG1vPP8jFdjSv18n2mQfJpkt2Oibo9iBEzcDnDxNwKTzC7svlJw==",
			"dev": true,
			"license": "MIT",
			"optional": true,
			"dependencies": {
				"tslib": "^2.4.0"
			}
		},
		"node_modules/@esbuild/linux-x64": {
			"version": "0.25.5",
			"cpu": [
				"x64"
			],
			"dev": true,
			"license": "MIT",
			"optional": true,
			"os": [
				"linux"
			],
			"engines": {
				"node": ">=18"
			}
		},
		"node_modules/@happy-dom/global-registrator": {
			"version": "18.0.1",
			"dev": true,
			"license": "MIT",
			"dependencies": {
				"@types/node": "^20.0.0",
				"happy-dom": "^18.0.1"
			},
			"engines": {
				"node": ">=20.0.0"
			}
		},
		"node_modules/@happy-dom/global-registrator/node_modules/@types/node": {
			"version": "20.19.1",
			"dev": true,
			"license": "MIT",
			"dependencies": {
				"undici-types": "~6.21.0"
			}
		},
		"node_modules/@jridgewell/gen-mapping": {
			"version": "0.3.12",
			"resolved": "https://registry.npmjs.org/@jridgewell/gen-mapping/-/gen-mapping-0.3.12.tgz",
			"integrity": "sha512-OuLGC46TjB5BbN1dH8JULVVZY4WTdkF7tV9Ys6wLL1rubZnCMstOhNHueU5bLCrnRuDhKPDM4g6sw4Bel5Gzqg==",
			"dev": true,
			"license": "MIT",
			"dependencies": {
				"@jridgewell/sourcemap-codec": "^1.5.0",
				"@jridgewell/trace-mapping": "^0.3.24"
			}
		},
		"node_modules/@jridgewell/resolve-uri": {
			"version": "3.1.2",
			"dev": true,
			"license": "MIT",
			"engines": {
				"node": ">=6.0.0"
			}
		},
		"node_modules/@jridgewell/source-map": {
			"version": "0.3.6",
			"dev": true,
			"license": "MIT",
			"dependencies": {
				"@jridgewell/gen-mapping": "^0.3.5",
				"@jridgewell/trace-mapping": "^0.3.25"
			}
		},
		"node_modules/@jridgewell/sourcemap-codec": {
			"version": "1.5.0",
			"dev": true,
			"license": "MIT"
		},
		"node_modules/@jridgewell/trace-mapping": {
			"version": "0.3.29",
			"resolved": "https://registry.npmjs.org/@jridgewell/trace-mapping/-/trace-mapping-0.3.29.tgz",
			"integrity": "sha512-uw6guiW/gcAGPDhLmd77/6lW8QLeiV5RUTsAX46Db6oLhGaVj4lhnPwb184s1bkc8kdVg/+h988dro8GRDpmYQ==",
			"dev": true,
			"license": "MIT",
			"dependencies": {
				"@jridgewell/resolve-uri": "^3.1.0",
				"@jridgewell/sourcemap-codec": "^1.4.14"
			}
		},
		"node_modules/@napi-rs/wasm-runtime": {
			"version": "1.0.0",
			"resolved": "https://registry.npmjs.org/@napi-rs/wasm-runtime/-/wasm-runtime-1.0.0.tgz",
			"integrity": "sha512-OInwPIZhcQ+aWOBFMUXzv95RLDTBRPaNPm5kSFJaL3gVAMVxrzc0YXNsVeLPHf+4sTviOy2e5wZdvKILb7dC/w==",
			"dev": true,
			"license": "MIT",
			"optional": true,
			"dependencies": {
				"@emnapi/core": "^1.4.3",
				"@emnapi/runtime": "^1.4.3",
				"@tybys/wasm-util": "^0.10.0"
			}
		},
		"node_modules/@oxc-project/runtime": {
			"version": "0.77.2",
			"resolved": "https://registry.npmjs.org/@oxc-project/runtime/-/runtime-0.77.2.tgz",
			"integrity": "sha512-oqzN82vVbqK6BnUuYDlBMlMr8mEeysMn/P8HbiB3j5rD04JvIfONCfh6SbtJTxhp1C4cjLi1evrtVTIptrln7Q==",
			"dev": true,
			"license": "MIT",
			"engines": {
				"node": ">=6.9.0"
			}
		},
		"node_modules/@oxc-project/types": {
			"version": "0.77.2",
			"resolved": "https://registry.npmjs.org/@oxc-project/types/-/types-0.77.2.tgz",
			"integrity": "sha512-+ZFWJF8ZBTOIO5PiNohNIw7JBzJCybScfrhLh65tcHCAtqaQkVDonjRD1HmMV/RF3rtt3r88hzSyTqvXs4j7vw==",
			"dev": true,
			"license": "MIT",
			"funding": {
				"url": "https://github.com/sponsors/Boshen"
			}
		},
		"node_modules/@rolldown/binding-android-arm64": {
			"version": "1.0.0-beta.28",
			"resolved": "https://registry.npmjs.org/@rolldown/binding-android-arm64/-/binding-android-arm64-1.0.0-beta.28.tgz",
			"integrity": "sha512-hLb7k11KBXtO8xc7DO1OWriXWM/2FKv/R510NChqpzoI6au2aJbGUQTKJw4D8Mj7oHfY2Nwzy+sJBgWx/P8IKw==",
			"cpu": [
				"arm64"
			],
			"dev": true,
			"license": "MIT",
			"optional": true,
			"os": [
				"android"
			]
		},
		"node_modules/@rolldown/binding-darwin-arm64": {
			"version": "1.0.0-beta.28",
			"resolved": "https://registry.npmjs.org/@rolldown/binding-darwin-arm64/-/binding-darwin-arm64-1.0.0-beta.28.tgz",
			"integrity": "sha512-yRhjS3dcjfAasnJ2pTyCVm5rtfOmkGIglrFh+n9J7Zi4owJFsVVpbY7dOE3T1Op3mQ94apGN+Twtv6CIk6GFIQ==",
			"cpu": [
				"arm64"
			],
			"dev": true,
			"license": "MIT",
			"optional": true,
			"os": [
				"darwin"
			]
		},
		"node_modules/@rolldown/binding-darwin-x64": {
			"version": "1.0.0-beta.28",
			"resolved": "https://registry.npmjs.org/@rolldown/binding-darwin-x64/-/binding-darwin-x64-1.0.0-beta.28.tgz",
			"integrity": "sha512-eOX0pjz++yVdqcDqnoZeVXUHxak2AcEgQBlEKJYaeJj+O5V3r3wSnlDVSkgD6YEAHo2IlIa89+qFHv529esY6w==",
			"cpu": [
				"x64"
			],
			"dev": true,
			"license": "MIT",
			"optional": true,
			"os": [
				"darwin"
			]
		},
		"node_modules/@rolldown/binding-freebsd-x64": {
			"version": "1.0.0-beta.28",
			"resolved": "https://registry.npmjs.org/@rolldown/binding-freebsd-x64/-/binding-freebsd-x64-1.0.0-beta.28.tgz",
			"integrity": "sha512-WV1QYVMkkp/568iaEBoZhD1axFLhSO+ybCJlbmHkTFMub4wb5bmKtfuaBgjUVDDSB6JfZ6UL3Z0Q9VVHENOgsg==",
			"cpu": [
				"x64"
			],
			"dev": true,
			"license": "MIT",
			"optional": true,
			"os": [
				"freebsd"
			]
		},
		"node_modules/@rolldown/binding-linux-arm-gnueabihf": {
			"version": "1.0.0-beta.28",
			"resolved": "https://registry.npmjs.org/@rolldown/binding-linux-arm-gnueabihf/-/binding-linux-arm-gnueabihf-1.0.0-beta.28.tgz",
			"integrity": "sha512-ug/Wh9Tz4XB/CsYvaI2r5uC3vE3zrP5iDIsD+uEgFPV71BOQOfXFgZbC1zv+J1adkzWACr578aGQqW9jRj0gVA==",
			"cpu": [
				"arm"
			],
			"dev": true,
			"license": "MIT",
			"optional": true,
			"os": [
				"linux"
			]
		},
		"node_modules/@rolldown/binding-linux-arm64-gnu": {
			"version": "1.0.0-beta.28",
			"resolved": "https://registry.npmjs.org/@rolldown/binding-linux-arm64-gnu/-/binding-linux-arm64-gnu-1.0.0-beta.28.tgz",
			"integrity": "sha512-h3hzQuP+5l47wxn9+A39n1Q3i4mAvbNFJCZ8EZLrkqfsecfeZ5btIbDJTVAIQTy+uPr7uluAHIf11Jw+YkWjOQ==",
			"cpu": [
				"arm64"
			],
			"dev": true,
			"license": "MIT",
			"optional": true,
			"os": [
				"linux"
			]
		},
		"node_modules/@rolldown/binding-linux-arm64-musl": {
			"version": "1.0.0-beta.28",
			"resolved": "https://registry.npmjs.org/@rolldown/binding-linux-arm64-musl/-/binding-linux-arm64-musl-1.0.0-beta.28.tgz",
			"integrity": "sha512-oW5LydGtfdT8TI5HTybxi1DdMCXCmVE1ak4VrSmVKsbBZyE0bDgL1UvTS1OOvuq4PM24zQHIuSNOpgLXgVj4vQ==",
			"cpu": [
				"arm64"
			],
			"dev": true,
			"license": "MIT",
			"optional": true,
			"os": [
				"linux"
			]
		},
		"node_modules/@rolldown/binding-linux-arm64-ohos": {
			"version": "1.0.0-beta.28",
			"resolved": "https://registry.npmjs.org/@rolldown/binding-linux-arm64-ohos/-/binding-linux-arm64-ohos-1.0.0-beta.28.tgz",
			"integrity": "sha512-yeAAPMgssEkTCouUSYLrSWm+EXYBFI+ZTe8BVQkY5le51OCbqFNibtYkKZNHZBdhNRjWcSKSIuXN4MAXBz1j+g==",
			"cpu": [
				"arm64"
			],
			"dev": true,
			"license": "MIT",
			"optional": true,
			"os": [
				"openharmony"
			]
		},
		"node_modules/@rolldown/binding-linux-x64-gnu": {
			"version": "1.0.0-beta.28",
			"resolved": "https://registry.npmjs.org/@rolldown/binding-linux-x64-gnu/-/binding-linux-x64-gnu-1.0.0-beta.28.tgz",
			"integrity": "sha512-xWsylmva9L4ZFc28A9VGlF9fnrFpVxVC+kKqrBoqz2l/p5b4zRoFNtnSecivnxuPeR5Ga6W6lnpwGeWDvqBZ1Q==",
			"cpu": [
				"x64"
			],
			"dev": true,
			"license": "MIT",
			"optional": true,
			"os": [
				"linux"
			]
		},
		"node_modules/@rolldown/binding-linux-x64-musl": {
			"version": "1.0.0-beta.28",
			"resolved": "https://registry.npmjs.org/@rolldown/binding-linux-x64-musl/-/binding-linux-x64-musl-1.0.0-beta.28.tgz",
			"integrity": "sha512-IdtRNm70EH7/1mjqXJc4pa2MoAxo/xl9hN8VySG9BQuYfhQz+JDC+FZBc+krlVUO3cTJz/o4xI/x4kA+rLKTwA==",
			"cpu": [
				"x64"
			],
			"dev": true,
			"license": "MIT",
			"optional": true,
			"os": [
				"linux"
			]
		},
		"node_modules/@rolldown/binding-wasm32-wasi": {
			"version": "1.0.0-beta.28",
			"resolved": "https://registry.npmjs.org/@rolldown/binding-wasm32-wasi/-/binding-wasm32-wasi-1.0.0-beta.28.tgz",
			"integrity": "sha512-jS2G0+GtUCVcglCefScxgXeLJal0UAvVwvpy3reoC07K16k8WM/lXoYsZdpw34d5ONg0XcZpcokzA9R5K2o0lQ==",
			"cpu": [
				"wasm32"
			],
			"dev": true,
			"license": "MIT",
			"optional": true,
			"dependencies": {
				"@napi-rs/wasm-runtime": "^1.0.0"
			},
			"engines": {
				"node": ">=14.0.0"
			}
		},
		"node_modules/@rolldown/binding-win32-arm64-msvc": {
			"version": "1.0.0-beta.28",
			"resolved": "https://registry.npmjs.org/@rolldown/binding-win32-arm64-msvc/-/binding-win32-arm64-msvc-1.0.0-beta.28.tgz",
			"integrity": "sha512-K6SO4e48aqpE/E6iEaXYG1kVX3owLierZUngP44f7s6WcnNUXsX8aborZZkKDKjgfk654M/EjSI7riPQXfynIA==",
			"cpu": [
				"arm64"
			],
			"dev": true,
			"license": "MIT",
			"optional": true,
			"os": [
				"win32"
			]
		},
		"node_modules/@rolldown/binding-win32-ia32-msvc": {
			"version": "1.0.0-beta.28",
			"resolved": "https://registry.npmjs.org/@rolldown/binding-win32-ia32-msvc/-/binding-win32-ia32-msvc-1.0.0-beta.28.tgz",
			"integrity": "sha512-IIAecHvlUY/oxADfA6sZFfmRx0ajY+U1rAPFT77COp11kf7irUJeD9GskFzCm+7Wm+q8Vogyh0KWqqd6f5Azgg==",
			"cpu": [
				"ia32"
			],
			"dev": true,
			"license": "MIT",
			"optional": true,
			"os": [
				"win32"
			]
		},
		"node_modules/@rolldown/binding-win32-x64-msvc": {
			"version": "1.0.0-beta.28",
			"resolved": "https://registry.npmjs.org/@rolldown/binding-win32-x64-msvc/-/binding-win32-x64-msvc-1.0.0-beta.28.tgz",
			"integrity": "sha512-eMGdPBhNkylib+7eaeC69axEjg5Y1Vie5LoKDBVaZ71jYTmtrUdna9PTUblkCIChNTQKlgxpi/eCaYmhId0aYA==",
			"cpu": [
				"x64"
			],
			"dev": true,
			"license": "MIT",
			"optional": true,
			"os": [
				"win32"
			]
		},
		"node_modules/@rolldown/pluginutils": {
			"version": "1.0.0-beta.28",
			"resolved": "https://registry.npmjs.org/@rolldown/pluginutils/-/pluginutils-1.0.0-beta.28.tgz",
			"integrity": "sha512-fe3/1HZ3qJmXvkGv1kacKq2b+x9gbcyF1hnmLBVrRFEQWoOcRapQjXf8+hgyxI0EJAbnKEtrp5yhohQCFCjycw==",
			"dev": true,
			"license": "MIT"
		},
		"node_modules/@rollup/rollup-linux-x64-gnu": {
			"version": "4.44.1",
			"cpu": [
				"x64"
			],
			"dev": true,
			"license": "MIT",
			"optional": true,
			"os": [
				"linux"
			]
		},
		"node_modules/@rollup/rollup-linux-x64-musl": {
			"version": "4.44.1",
			"cpu": [
				"x64"
			],
			"dev": true,
			"license": "MIT",
			"optional": true,
			"os": [
				"linux"
			]
		},
		"node_modules/@sqlite.org/sqlite-wasm": {
			"version": "3.49.1-build4",
			"license": "Apache-2.0",
			"bin": {
				"sqlite-wasm": "bin/index.js"
			}
		},
		"node_modules/@tombl/router": {
			"name": "@jsr/tombl__router",
			"version": "0.1.3"
		},
		"node_modules/@tybys/wasm-util": {
			"version": "0.10.0",
			"resolved": "https://registry.npmjs.org/@tybys/wasm-util/-/wasm-util-0.10.0.tgz",
			"integrity": "sha512-VyyPYFlOMNylG45GoAe0xDoLwWuowvf92F9kySqzYh8vmYm7D2u4iUJKa1tOUpS70Ku13ASrOkS4ScXFsTaCNQ==",
			"dev": true,
			"license": "MIT",
			"optional": true,
			"dependencies": {
				"tslib": "^2.4.0"
			}
		},
		"node_modules/@types/estree": {
			"version": "1.0.8",
			"dev": true,
			"license": "MIT"
		},
		"node_modules/@types/node": {
			"version": "22.16.5",
			"resolved": "https://registry.npmjs.org/@types/node/-/node-22.16.5.tgz",
			"integrity": "sha512-bJFoMATwIGaxxx8VJPeM8TonI8t579oRvgAuT8zFugJsJZgzqv0Fu8Mhp68iecjzG7cnN3mO2dJQ5uUM2EFrgQ==",
			"dev": true,
			"license": "MIT",
			"dependencies": {
				"undici-types": "~6.21.0"
			}
		},
		"node_modules/@types/react": {
			"version": "19.1.8",
			"resolved": "https://registry.npmjs.org/@types/react/-/react-19.1.8.tgz",
			"integrity": "sha512-AwAfQ2Wa5bCx9WP8nZL2uMZWod7J7/JSplxbTmBQ5ms6QpqNYm672H0Vu9ZVKVngQ+ii4R/byguVEUZQyeg44g==",
			"dev": true,
			"license": "MIT",
			"peer": true,
			"dependencies": {
				"csstype": "^3.0.2"
			}
		},
		"node_modules/@types/whatwg-mimetype": {
			"version": "3.0.2",
			"dev": true,
			"license": "MIT"
		},
		"node_modules/@ungap/structured-clone": {
			"version": "1.3.0",
			"license": "ISC"
		},
		"node_modules/@ungap/with-resolvers": {
			"version": "0.1.0",
			"license": "ISC"
		},
		"node_modules/@yarnpkg/lockfile": {
			"version": "1.1.0",
			"dev": true,
			"license": "BSD-2-Clause"
		},
		"node_modules/acorn": {
			"version": "8.14.1",
			"dev": true,
			"license": "MIT",
			"bin": {
				"acorn": "bin/acorn"
			},
			"engines": {
				"node": ">=0.4.0"
			}
		},
		"node_modules/ansi-styles": {
			"version": "4.3.0",
			"dev": true,
			"license": "MIT",
			"dependencies": {
				"color-convert": "^2.0.1"
			},
			"engines": {
				"node": ">=8"
			},
			"funding": {
				"url": "https://github.com/chalk/ansi-styles?sponsor=1"
			}
		},
		"node_modules/ansis": {
			"version": "4.1.0",
			"dev": true,
			"license": "ISC",
			"engines": {
				"node": ">=14"
			}
		},
		"node_modules/ast-kit": {
			"version": "2.1.1",
			"resolved": "https://registry.npmjs.org/ast-kit/-/ast-kit-2.1.1.tgz",
			"integrity": "sha512-mfh6a7gKXE8pDlxTvqIc/syH/P3RkzbOF6LeHdcKztLEzYe6IMsRCL7N8vI7hqTGWNxpkCuuRTpT21xNWqhRtQ==",
			"dev": true,
			"license": "MIT",
			"dependencies": {
				"@babel/parser": "^7.27.7",
				"pathe": "^2.0.3"
			},
			"engines": {
				"node": ">=20.18.0"
			},
			"funding": {
				"url": "https://github.com/sponsors/sxzz"
			}
		},
		"node_modules/at-least-node": {
			"version": "1.0.0",
			"dev": true,
			"license": "ISC",
			"engines": {
				"node": ">= 4.0.0"
			}
		},
		"node_modules/balanced-match": {
			"version": "1.0.2",
			"dev": true,
			"license": "MIT"
		},
		"node_modules/birpc": {
			"version": "2.5.0",
			"resolved": "https://registry.npmjs.org/birpc/-/birpc-2.5.0.tgz",
			"integrity": "sha512-VSWO/W6nNQdyP520F1mhf+Lc2f8pjGQOtoHHm7Ze8Go1kX7akpVIrtTa0fn+HB0QJEDVacl6aO08YE0PgXfdnQ==",
			"dev": true,
			"license": "MIT",
			"funding": {
				"url": "https://github.com/sponsors/antfu"
			}
		},
		"node_modules/brace-expansion": {
			"version": "1.1.11",
			"dev": true,
			"license": "MIT",
			"dependencies": {
				"balanced-match": "^1.0.0",
				"concat-map": "0.0.1"
			}
		},
		"node_modules/braces": {
			"version": "3.0.3",
			"dev": true,
			"license": "MIT",
			"dependencies": {
				"fill-range": "^7.1.1"
			},
			"engines": {
				"node": ">=8"
			}
		},
		"node_modules/buffer-from": {
			"version": "1.1.2",
			"dev": true,
			"license": "MIT"
		},
		"node_modules/bun-types": {
			"version": "1.2.19",
			"resolved": "https://registry.npmjs.org/bun-types/-/bun-types-1.2.19.tgz",
			"integrity": "sha512-uAOTaZSPuYsWIXRpj7o56Let0g/wjihKCkeRqUBhlLVM/Bt+Fj9xTo+LhC1OV1XDaGkz4hNC80et5xgy+9KTHQ==",
			"dev": true,
			"license": "MIT",
			"dependencies": {
				"@types/node": "*"
			},
			"peerDependencies": {
				"@types/react": "^19"
			}
		},
		"node_modules/call-bind": {
			"version": "1.0.8",
			"dev": true,
			"license": "MIT",
			"dependencies": {
				"call-bind-apply-helpers": "^1.0.0",
				"es-define-property": "^1.0.0",
				"get-intrinsic": "^1.2.4",
				"set-function-length": "^1.2.2"
			},
			"engines": {
				"node": ">= 0.4"
			},
			"funding": {
				"url": "https://github.com/sponsors/ljharb"
			}
		},
		"node_modules/call-bind-apply-helpers": {
			"version": "1.0.2",
			"dev": true,
			"license": "MIT",
			"dependencies": {
				"es-errors": "^1.3.0",
				"function-bind": "^1.1.2"
			},
			"engines": {
				"node": ">= 0.4"
			}
		},
		"node_modules/call-bound": {
			"version": "1.0.4",
			"dev": true,
			"license": "MIT",
			"dependencies": {
				"call-bind-apply-helpers": "^1.0.2",
				"get-intrinsic": "^1.3.0"
			},
			"engines": {
				"node": ">= 0.4"
			},
			"funding": {
				"url": "https://github.com/sponsors/ljharb"
			}
		},
		"node_modules/chalk": {
			"version": "4.1.2",
			"dev": true,
			"license": "MIT",
			"dependencies": {
				"ansi-styles": "^4.1.0",
				"supports-color": "^7.1.0"
			},
			"engines": {
				"node": ">=10"
			},
			"funding": {
				"url": "https://github.com/chalk/chalk?sponsor=1"
			}
		},
		"node_modules/ci-info": {
			"version": "3.9.0",
			"dev": true,
			"funding": [
				{
					"type": "github",
					"url": "https://github.com/sponsors/sibiraj-s"
				}
			],
			"license": "MIT",
			"engines": {
				"node": ">=8"
			}
		},
		"node_modules/coincident": {
			"version": "1.2.3",
			"license": "ISC",
			"dependencies": {
				"@ungap/structured-clone": "^1.2.0",
				"@ungap/with-resolvers": "^0.1.0",
				"gc-hook": "^0.3.1",
				"proxy-target": "^3.0.2"
			},
			"optionalDependencies": {
				"ws": "^8.16.0"
			}
		},
		"node_modules/color-convert": {
			"version": "2.0.1",
			"dev": true,
			"license": "MIT",
			"dependencies": {
				"color-name": "~1.1.4"
			},
			"engines": {
				"node": ">=7.0.0"
			}
		},
		"node_modules/color-name": {
			"version": "1.1.4",
			"dev": true,
			"license": "MIT"
		},
		"node_modules/commander": {
			"version": "2.20.3",
			"dev": true,
			"license": "MIT"
		},
		"node_modules/concat-map": {
			"version": "0.0.1",
			"dev": true,
			"license": "MIT"
		},
		"node_modules/cross-spawn": {
			"version": "7.0.6",
			"dev": true,
			"license": "MIT",
			"dependencies": {
				"path-key": "^3.1.0",
				"shebang-command": "^2.0.0",
				"which": "^2.0.1"
			},
			"engines": {
				"node": ">= 8"
			}
		},
		"node_modules/csstype": {
			"version": "3.1.3",
			"resolved": "https://registry.npmjs.org/csstype/-/csstype-3.1.3.tgz",
			"integrity": "sha512-M1uQkMl8rQK/szD0LNhtqxIPLpimGm8sOBwU7lLnCpSbTyY3yeU1Vc7l4KT5zT4s/yOxHH5O7tIuuLOCnLADRw==",
			"dev": true,
			"license": "MIT",
			"peer": true
		},
		"node_modules/debug": {
			"version": "4.4.1",
			"dev": true,
			"license": "MIT",
			"dependencies": {
				"ms": "^2.1.3"
			},
			"engines": {
				"node": ">=6.0"
			},
			"peerDependenciesMeta": {
				"supports-color": {
					"optional": true
				}
			}
		},
		"node_modules/define-data-property": {
			"version": "1.1.4",
			"dev": true,
			"license": "MIT",
			"dependencies": {
				"es-define-property": "^1.0.0",
				"es-errors": "^1.3.0",
				"gopd": "^1.0.1"
			},
			"engines": {
				"node": ">= 0.4"
			},
			"funding": {
				"url": "https://github.com/sponsors/ljharb"
			}
		},
		"node_modules/dhtml": {
			"resolved": "",
			"link": true
		},
		"node_modules/dts-resolver": {
			"version": "2.1.1",
			"dev": true,
			"license": "MIT",
			"engines": {
				"node": ">=20.18.0"
			},
			"funding": {
				"url": "https://github.com/sponsors/sxzz"
			},
			"peerDependencies": {
				"oxc-resolver": ">=11.0.0"
			},
			"peerDependenciesMeta": {
				"oxc-resolver": {
					"optional": true
				}
			}
		},
		"node_modules/dunder-proto": {
			"version": "1.0.1",
			"dev": true,
			"license": "MIT",
			"dependencies": {
				"call-bind-apply-helpers": "^1.0.1",
				"es-errors": "^1.3.0",
				"gopd": "^1.2.0"
			},
			"engines": {
				"node": ">= 0.4"
			}
		},
		"node_modules/es-define-property": {
			"version": "1.0.1",
			"dev": true,
			"license": "MIT",
			"engines": {
				"node": ">= 0.4"
			}
		},
		"node_modules/es-errors": {
			"version": "1.3.0",
			"dev": true,
			"license": "MIT",
			"engines": {
				"node": ">= 0.4"
			}
		},
		"node_modules/es-object-atoms": {
			"version": "1.1.1",
			"dev": true,
			"license": "MIT",
			"dependencies": {
				"es-errors": "^1.3.0"
			},
			"engines": {
				"node": ">= 0.4"
			}
		},
		"node_modules/esbuild": {
			"version": "0.25.5",
			"dev": true,
			"hasInstallScript": true,
			"license": "MIT",
			"bin": {
				"esbuild": "bin/esbuild"
			},
			"engines": {
				"node": ">=18"
			},
			"optionalDependencies": {
				"@esbuild/aix-ppc64": "0.25.5",
				"@esbuild/android-arm": "0.25.5",
				"@esbuild/android-arm64": "0.25.5",
				"@esbuild/android-x64": "0.25.5",
				"@esbuild/darwin-arm64": "0.25.5",
				"@esbuild/darwin-x64": "0.25.5",
				"@esbuild/freebsd-arm64": "0.25.5",
				"@esbuild/freebsd-x64": "0.25.5",
				"@esbuild/linux-arm": "0.25.5",
				"@esbuild/linux-arm64": "0.25.5",
				"@esbuild/linux-ia32": "0.25.5",
				"@esbuild/linux-loong64": "0.25.5",
				"@esbuild/linux-mips64el": "0.25.5",
				"@esbuild/linux-ppc64": "0.25.5",
				"@esbuild/linux-riscv64": "0.25.5",
				"@esbuild/linux-s390x": "0.25.5",
				"@esbuild/linux-x64": "0.25.5",
				"@esbuild/netbsd-arm64": "0.25.5",
				"@esbuild/netbsd-x64": "0.25.5",
				"@esbuild/openbsd-arm64": "0.25.5",
				"@esbuild/openbsd-x64": "0.25.5",
				"@esbuild/sunos-x64": "0.25.5",
				"@esbuild/win32-arm64": "0.25.5",
				"@esbuild/win32-ia32": "0.25.5",
				"@esbuild/win32-x64": "0.25.5"
			}
		},
		"node_modules/fill-range": {
			"version": "7.1.1",
			"dev": true,
			"license": "MIT",
			"dependencies": {
				"to-regex-range": "^5.0.1"
			},
			"engines": {
				"node": ">=8"
			}
		},
		"node_modules/find-yarn-workspace-root": {
			"version": "2.0.0",
			"dev": true,
			"license": "Apache-2.0",
			"dependencies": {
				"micromatch": "^4.0.2"
			}
		},
		"node_modules/fs-extra": {
			"version": "9.1.0",
			"dev": true,
			"license": "MIT",
			"dependencies": {
				"at-least-node": "^1.0.0",
				"graceful-fs": "^4.2.0",
				"jsonfile": "^6.0.1",
				"universalify": "^2.0.0"
			},
			"engines": {
				"node": ">=10"
			}
		},
		"node_modules/fs.realpath": {
			"version": "1.0.0",
			"dev": true,
			"license": "ISC"
		},
		"node_modules/function-bind": {
			"version": "1.1.2",
			"dev": true,
			"license": "MIT",
			"funding": {
				"url": "https://github.com/sponsors/ljharb"
			}
		},
		"node_modules/gc-hook": {
			"version": "0.3.1",
			"license": "ISC"
		},
		"node_modules/get-intrinsic": {
			"version": "1.3.0",
			"dev": true,
			"license": "MIT",
			"dependencies": {
				"call-bind-apply-helpers": "^1.0.2",
				"es-define-property": "^1.0.1",
				"es-errors": "^1.3.0",
				"es-object-atoms": "^1.1.1",
				"function-bind": "^1.1.2",
				"get-proto": "^1.0.1",
				"gopd": "^1.2.0",
				"has-symbols": "^1.1.0",
				"hasown": "^2.0.2",
				"math-intrinsics": "^1.1.0"
			},
			"engines": {
				"node": ">= 0.4"
			},
			"funding": {
				"url": "https://github.com/sponsors/ljharb"
			}
		},
		"node_modules/get-proto": {
			"version": "1.0.1",
			"dev": true,
			"license": "MIT",
			"dependencies": {
				"dunder-proto": "^1.0.1",
				"es-object-atoms": "^1.0.0"
			},
			"engines": {
				"node": ">= 0.4"
			}
		},
		"node_modules/get-tsconfig": {
			"version": "4.10.1",
			"dev": true,
			"license": "MIT",
			"dependencies": {
				"resolve-pkg-maps": "^1.0.0"
			},
			"funding": {
				"url": "https://github.com/privatenumber/get-tsconfig?sponsor=1"
			}
		},
		"node_modules/glob": {
			"version": "7.2.3",
			"dev": true,
			"license": "ISC",
			"dependencies": {
				"fs.realpath": "^1.0.0",
				"inflight": "^1.0.4",
				"inherits": "2",
				"minimatch": "^3.1.1",
				"once": "^1.3.0",
				"path-is-absolute": "^1.0.0"
			},
			"engines": {
				"node": "*"
			},
			"funding": {
				"url": "https://github.com/sponsors/isaacs"
			}
		},
		"node_modules/globrex": {
			"version": "0.1.2",
			"dev": true,
			"license": "MIT"
		},
		"node_modules/gopd": {
			"version": "1.2.0",
			"dev": true,
			"license": "MIT",
			"engines": {
				"node": ">= 0.4"
			},
			"funding": {
				"url": "https://github.com/sponsors/ljharb"
			}
		},
		"node_modules/graceful-fs": {
			"version": "4.2.11",
			"dev": true,
			"license": "ISC"
		},
		"node_modules/happy-dom": {
			"version": "18.0.1",
			"dev": true,
			"license": "MIT",
			"dependencies": {
				"@types/node": "^20.0.0",
				"@types/whatwg-mimetype": "^3.0.2",
				"whatwg-mimetype": "^3.0.0"
			},
			"engines": {
				"node": ">=20.0.0"
			}
		},
		"node_modules/happy-dom/node_modules/@types/node": {
			"version": "20.19.1",
			"dev": true,
			"license": "MIT",
			"dependencies": {
				"undici-types": "~6.21.0"
			}
		},
		"node_modules/has-flag": {
			"version": "4.0.0",
			"dev": true,
			"license": "MIT",
			"engines": {
				"node": ">=8"
			}
		},
		"node_modules/has-property-descriptors": {
			"version": "1.0.2",
			"dev": true,
			"license": "MIT",
			"dependencies": {
				"es-define-property": "^1.0.0"
			},
			"funding": {
				"url": "https://github.com/sponsors/ljharb"
			}
		},
		"node_modules/has-symbols": {
			"version": "1.1.0",
			"dev": true,
			"license": "MIT",
			"engines": {
				"node": ">= 0.4"
			},
			"funding": {
				"url": "https://github.com/sponsors/ljharb"
			}
		},
		"node_modules/hasown": {
			"version": "2.0.2",
			"dev": true,
			"license": "MIT",
			"dependencies": {
				"function-bind": "^1.1.2"
			},
			"engines": {
				"node": ">= 0.4"
			}
		},
		"node_modules/inflight": {
			"version": "1.0.6",
			"dev": true,
			"license": "ISC",
			"dependencies": {
				"once": "^1.3.0",
				"wrappy": "1"
			}
		},
		"node_modules/inherits": {
			"version": "2.0.4",
			"dev": true,
			"license": "ISC"
		},
		"node_modules/is-docker": {
			"version": "2.2.1",
			"dev": true,
			"license": "MIT",
			"bin": {
				"is-docker": "cli.js"
			},
			"engines": {
				"node": ">=8"
			},
			"funding": {
				"url": "https://github.com/sponsors/sindresorhus"
			}
		},
		"node_modules/is-number": {
			"version": "7.0.0",
			"dev": true,
			"license": "MIT",
			"engines": {
				"node": ">=0.12.0"
			}
		},
		"node_modules/is-wsl": {
			"version": "2.2.0",
			"dev": true,
			"license": "MIT",
			"dependencies": {
				"is-docker": "^2.0.0"
			},
			"engines": {
				"node": ">=8"
			}
		},
		"node_modules/isarray": {
			"version": "2.0.5",
			"dev": true,
			"license": "MIT"
		},
		"node_modules/isexe": {
			"version": "2.0.0",
			"dev": true,
			"license": "ISC"
		},
		"node_modules/jsesc": {
			"version": "3.1.0",
			"dev": true,
			"license": "MIT",
			"bin": {
				"jsesc": "bin/jsesc"
			},
			"engines": {
				"node": ">=6"
			}
		},
		"node_modules/json-stable-stringify": {
			"version": "1.3.0",
			"dev": true,
			"license": "MIT",
			"dependencies": {
				"call-bind": "^1.0.8",
				"call-bound": "^1.0.4",
				"isarray": "^2.0.5",
				"jsonify": "^0.0.1",
				"object-keys": "^1.1.1"
			},
			"engines": {
				"node": ">= 0.4"
			},
			"funding": {
				"url": "https://github.com/sponsors/ljharb"
			}
		},
		"node_modules/jsonfile": {
			"version": "6.1.0",
			"dev": true,
			"license": "MIT",
			"dependencies": {
				"universalify": "^2.0.0"
			},
			"optionalDependencies": {
				"graceful-fs": "^4.1.6"
			}
		},
		"node_modules/jsonify": {
			"version": "0.0.1",
			"dev": true,
			"license": "Public Domain",
			"funding": {
				"url": "https://github.com/sponsors/ljharb"
			}
		},
		"node_modules/klaw-sync": {
			"version": "6.0.0",
			"dev": true,
			"license": "MIT",
			"dependencies": {
				"graceful-fs": "^4.1.11"
			}
		},
		"node_modules/magic-string": {
			"version": "0.30.17",
			"dev": true,
			"license": "MIT",
			"dependencies": {
				"@jridgewell/sourcemap-codec": "^1.5.0"
			}
		},
		"node_modules/math-intrinsics": {
			"version": "1.1.0",
			"dev": true,
			"license": "MIT",
			"engines": {
				"node": ">= 0.4"
			}
		},
		"node_modules/micromatch": {
			"version": "4.0.8",
			"dev": true,
			"license": "MIT",
			"dependencies": {
				"braces": "^3.0.3",
				"picomatch": "^2.3.1"
			},
			"engines": {
				"node": ">=8.6"
			}
		},
		"node_modules/minimatch": {
			"version": "3.1.2",
			"dev": true,
			"license": "ISC",
			"dependencies": {
				"brace-expansion": "^1.1.7"
			},
			"engines": {
				"node": "*"
			}
		},
		"node_modules/minimist": {
			"version": "1.2.8",
			"dev": true,
			"license": "MIT",
			"funding": {
				"url": "https://github.com/sponsors/ljharb"
			}
		},
		"node_modules/mitata": {
			"version": "1.0.34",
			"dev": true,
			"license": "MIT"
		},
		"node_modules/ms": {
			"version": "2.1.3",
			"dev": true,
			"license": "MIT"
		},
		"node_modules/nanoid": {
			"version": "3.3.11",
			"dev": true,
			"funding": [
				{
					"type": "github",
					"url": "https://github.com/sponsors/ai"
				}
			],
			"license": "MIT",
			"bin": {
				"nanoid": "bin/nanoid.cjs"
			},
			"engines": {
				"node": "^10 || ^12 || ^13.7 || ^14 || >=15.0.1"
			}
		},
		"node_modules/object-keys": {
			"version": "1.1.1",
			"dev": true,
			"license": "MIT",
			"engines": {
				"node": ">= 0.4"
			}
		},
		"node_modules/once": {
			"version": "1.4.0",
			"dev": true,
			"license": "ISC",
			"dependencies": {
				"wrappy": "1"
			}
		},
		"node_modules/open": {
			"version": "7.4.2",
			"dev": true,
			"license": "MIT",
			"dependencies": {
				"is-docker": "^2.0.0",
				"is-wsl": "^2.1.1"
			},
			"engines": {
				"node": ">=8"
			},
			"funding": {
				"url": "https://github.com/sponsors/sindresorhus"
			}
		},
		"node_modules/os-tmpdir": {
			"version": "1.0.2",
			"dev": true,
			"license": "MIT",
			"engines": {
				"node": ">=0.10.0"
			}
		},
		"node_modules/patch-package": {
			"version": "8.0.0",
			"dev": true,
			"license": "MIT",
			"dependencies": {
				"@yarnpkg/lockfile": "^1.1.0",
				"chalk": "^4.1.2",
				"ci-info": "^3.7.0",
				"cross-spawn": "^7.0.3",
				"find-yarn-workspace-root": "^2.0.0",
				"fs-extra": "^9.0.0",
				"json-stable-stringify": "^1.0.2",
				"klaw-sync": "^6.0.0",
				"minimist": "^1.2.6",
				"open": "^7.4.2",
				"rimraf": "^2.6.3",
				"semver": "^7.5.3",
				"slash": "^2.0.0",
				"tmp": "^0.0.33",
				"yaml": "^2.2.2"
			},
			"bin": {
				"patch-package": "index.js"
			},
			"engines": {
				"node": ">=14",
				"npm": ">5"
			}
		},
		"node_modules/path-is-absolute": {
			"version": "1.0.1",
			"dev": true,
			"license": "MIT",
			"engines": {
				"node": ">=0.10.0"
			}
		},
		"node_modules/path-key": {
			"version": "3.1.1",
			"dev": true,
			"license": "MIT",
			"engines": {
				"node": ">=8"
			}
		},
		"node_modules/pathe": {
			"version": "2.0.3",
			"dev": true,
			"license": "MIT"
		},
		"node_modules/picocolors": {
			"version": "1.1.1",
			"dev": true,
			"license": "ISC"
		},
		"node_modules/picomatch": {
			"version": "2.3.1",
			"dev": true,
			"license": "MIT",
			"engines": {
				"node": ">=8.6"
			},
			"funding": {
				"url": "https://github.com/sponsors/jonschlinkert"
			}
		},
		"node_modules/postcss": {
			"version": "8.5.6",
			"dev": true,
			"funding": [
				{
					"type": "opencollective",
					"url": "https://opencollective.com/postcss/"
				},
				{
					"type": "tidelift",
					"url": "https://tidelift.com/funding/github/npm/postcss"
				},
				{
					"type": "github",
					"url": "https://github.com/sponsors/ai"
				}
			],
			"license": "MIT",
			"dependencies": {
				"nanoid": "^3.3.11",
				"picocolors": "^1.1.1",
				"source-map-js": "^1.2.1"
			},
			"engines": {
				"node": "^10 || ^12 || >=14"
			}
		},
		"node_modules/prettier": {
			"version": "3.6.2",
			"dev": true,
			"license": "MIT",
			"bin": {
				"prettier": "bin/prettier.cjs"
			},
			"engines": {
				"node": ">=14"
			},
			"funding": {
				"url": "https://github.com/prettier/prettier?sponsor=1"
			}
		},
		"node_modules/prettier-plugin-organize-imports": {
			"version": "4.1.0",
			"resolved": "https://registry.npmjs.org/prettier-plugin-organize-imports/-/prettier-plugin-organize-imports-4.1.0.tgz",
			"integrity": "sha512-5aWRdCgv645xaa58X8lOxzZoiHAldAPChljr/MT0crXVOWTZ+Svl4hIWlz+niYSlO6ikE5UXkN1JrRvIP2ut0A==",
			"dev": true,
			"license": "MIT",
			"peerDependencies": {
				"prettier": ">=2.0",
				"typescript": ">=2.9",
				"vue-tsc": "^2.1.0"
			},
			"peerDependenciesMeta": {
				"vue-tsc": {
					"optional": true
				}
			}
		},
		"node_modules/proxy-target": {
			"version": "3.0.2",
			"license": "MIT"
		},
		"node_modules/resolve-pkg-maps": {
			"version": "1.0.0",
			"dev": true,
			"license": "MIT",
			"funding": {
				"url": "https://github.com/privatenumber/resolve-pkg-maps?sponsor=1"
			}
		},
		"node_modules/rimraf": {
			"version": "2.7.1",
			"dev": true,
			"license": "ISC",
			"dependencies": {
				"glob": "^7.1.3"
			},
			"bin": {
				"rimraf": "bin.js"
			}
		},
		"node_modules/rolldown": {
			"version": "1.0.0-beta.28",
			"resolved": "https://registry.npmjs.org/rolldown/-/rolldown-1.0.0-beta.28.tgz",
			"integrity": "sha512-QOANlVluwwrLP5snQqKfC2lv/KJphMkjh4V0gpw0K40GdKmhd8eShIGOJNAC51idk5cn3xI08SZTRWj0R2XlDw==",
			"dev": true,
			"license": "MIT",
			"dependencies": {
				"@oxc-project/runtime": "=0.77.2",
				"@oxc-project/types": "=0.77.2",
				"@rolldown/pluginutils": "1.0.0-beta.28",
				"ansis": "^4.0.0"
			},
			"bin": {
				"rolldown": "bin/cli.mjs"
			},
			"optionalDependencies": {
				"@rolldown/binding-android-arm64": "1.0.0-beta.28",
				"@rolldown/binding-darwin-arm64": "1.0.0-beta.28",
				"@rolldown/binding-darwin-x64": "1.0.0-beta.28",
				"@rolldown/binding-freebsd-x64": "1.0.0-beta.28",
				"@rolldown/binding-linux-arm-gnueabihf": "1.0.0-beta.28",
				"@rolldown/binding-linux-arm64-gnu": "1.0.0-beta.28",
				"@rolldown/binding-linux-arm64-musl": "1.0.0-beta.28",
				"@rolldown/binding-linux-arm64-ohos": "1.0.0-beta.28",
				"@rolldown/binding-linux-x64-gnu": "1.0.0-beta.28",
				"@rolldown/binding-linux-x64-musl": "1.0.0-beta.28",
				"@rolldown/binding-wasm32-wasi": "1.0.0-beta.28",
				"@rolldown/binding-win32-arm64-msvc": "1.0.0-beta.28",
				"@rolldown/binding-win32-ia32-msvc": "1.0.0-beta.28",
				"@rolldown/binding-win32-x64-msvc": "1.0.0-beta.28"
			}
		},
		"node_modules/rolldown-plugin-dts": {
			"version": "0.14.0",
			"resolved": "https://registry.npmjs.org/rolldown-plugin-dts/-/rolldown-plugin-dts-0.14.0.tgz",
			"integrity": "sha512-cSO3H63Xwrt48IOMm5P7D747ssux0GRjXwJIuV4xO9MUoYS2OcunyOGR/WFzHVY5G6akmnlDGy2OuFExgL1j6Q==",
			"dev": true,
			"license": "MIT",
			"dependencies": {
				"@babel/generator": "^7.28.0",
				"@babel/parser": "^7.28.0",
				"@babel/types": "^7.28.1",
				"ast-kit": "^2.1.1",
				"birpc": "^2.5.0",
				"debug": "^4.4.1",
				"dts-resolver": "^2.1.1",
				"get-tsconfig": "^4.10.1"
			},
			"engines": {
				"node": ">=20.18.0"
			},
			"funding": {
				"url": "https://github.com/sponsors/sxzz"
			},
			"peerDependencies": {
				"@typescript/native-preview": ">=7.0.0-dev.20250601.1",
				"rolldown": "^1.0.0-beta.9",
				"typescript": "^5.0.0",
				"vue-tsc": "^2.2.0 || ^3.0.0"
			},
			"peerDependenciesMeta": {
				"@typescript/native-preview": {
					"optional": true
				},
				"typescript": {
					"optional": true
				},
				"vue-tsc": {
					"optional": true
				}
			}
		},
		"node_modules/rollup": {
			"version": "4.44.1",
			"dev": true,
			"license": "MIT",
			"dependencies": {
				"@types/estree": "1.0.8"
			},
			"bin": {
				"rollup": "dist/bin/rollup"
			},
			"engines": {
				"node": ">=18.0.0",
				"npm": ">=8.0.0"
			},
			"optionalDependencies": {
				"@rollup/rollup-android-arm-eabi": "4.44.1",
				"@rollup/rollup-android-arm64": "4.44.1",
				"@rollup/rollup-darwin-arm64": "4.44.1",
				"@rollup/rollup-darwin-x64": "4.44.1",
				"@rollup/rollup-freebsd-arm64": "4.44.1",
				"@rollup/rollup-freebsd-x64": "4.44.1",
				"@rollup/rollup-linux-arm-gnueabihf": "4.44.1",
				"@rollup/rollup-linux-arm-musleabihf": "4.44.1",
				"@rollup/rollup-linux-arm64-gnu": "4.44.1",
				"@rollup/rollup-linux-arm64-musl": "4.44.1",
				"@rollup/rollup-linux-loongarch64-gnu": "4.44.1",
				"@rollup/rollup-linux-powerpc64le-gnu": "4.44.1",
				"@rollup/rollup-linux-riscv64-gnu": "4.44.1",
				"@rollup/rollup-linux-riscv64-musl": "4.44.1",
				"@rollup/rollup-linux-s390x-gnu": "4.44.1",
				"@rollup/rollup-linux-x64-gnu": "4.44.1",
				"@rollup/rollup-linux-x64-musl": "4.44.1",
				"@rollup/rollup-win32-arm64-msvc": "4.44.1",
				"@rollup/rollup-win32-ia32-msvc": "4.44.1",
				"@rollup/rollup-win32-x64-msvc": "4.44.1",
				"fsevents": "~2.3.2"
			}
		},
		"node_modules/semver": {
			"version": "7.7.2",
			"dev": true,
			"license": "ISC",
			"bin": {
				"semver": "bin/semver.js"
			},
			"engines": {
				"node": ">=10"
			}
		},
		"node_modules/set-function-length": {
			"version": "1.2.2",
			"dev": true,
			"license": "MIT",
			"dependencies": {
				"define-data-property": "^1.1.4",
				"es-errors": "^1.3.0",
				"function-bind": "^1.1.2",
				"get-intrinsic": "^1.2.4",
				"gopd": "^1.0.1",
				"has-property-descriptors": "^1.0.2"
			},
			"engines": {
				"node": ">= 0.4"
			}
		},
		"node_modules/shebang-command": {
			"version": "2.0.0",
			"dev": true,
			"license": "MIT",
			"dependencies": {
				"shebang-regex": "^3.0.0"
			},
			"engines": {
				"node": ">=8"
			}
		},
		"node_modules/shebang-regex": {
			"version": "3.0.0",
			"dev": true,
			"license": "MIT",
			"engines": {
				"node": ">=8"
			}
		},
		"node_modules/slash": {
			"version": "2.0.0",
			"dev": true,
			"license": "MIT",
			"engines": {
				"node": ">=6"
			}
		},
		"node_modules/source-map": {
			"version": "0.6.1",
			"dev": true,
			"license": "BSD-3-Clause",
			"engines": {
				"node": ">=0.10.0"
			}
		},
		"node_modules/source-map-js": {
			"version": "1.2.1",
			"dev": true,
			"license": "BSD-3-Clause",
			"engines": {
				"node": ">=0.10.0"
			}
		},
		"node_modules/source-map-support": {
			"version": "0.5.21",
			"dev": true,
			"license": "MIT",
			"dependencies": {
				"buffer-from": "^1.0.0",
				"source-map": "^0.6.0"
			}
		},
		"node_modules/sqlocal": {
			"version": "0.14.1",
			"license": "MIT",
			"dependencies": {
				"@sqlite.org/sqlite-wasm": "^3.49.1-build4",
				"coincident": "^1.2.3"
			},
			"funding": {
				"type": "paypal",
				"url": "https://www.paypal.com/biz/fund?id=U3ZNM2Q26WJY8"
			},
			"peerDependencies": {
				"drizzle-orm": "*",
				"kysely": "*"
			},
			"peerDependenciesMeta": {
				"drizzle-orm": {
					"optional": true
				},
				"kysely": {
					"optional": true
				}
			}
		},
		"node_modules/supports-color": {
			"version": "7.2.0",
			"dev": true,
			"license": "MIT",
			"dependencies": {
				"has-flag": "^4.0.0"
			},
			"engines": {
				"node": ">=8"
			}
		},
		"node_modules/terser": {
			"version": "5.43.1",
			"dev": true,
			"license": "BSD-2-Clause",
			"dependencies": {
				"@jridgewell/source-map": "^0.3.3",
				"acorn": "^8.14.0",
				"commander": "^2.20.0",
				"source-map-support": "~0.5.20"
			},
			"bin": {
				"terser": "bin/terser"
			},
			"engines": {
				"node": ">=10"
			}
		},
		"node_modules/tinyglobby": {
			"version": "0.2.14",
			"dev": true,
			"license": "MIT",
			"dependencies": {
				"fdir": "^6.4.4",
				"picomatch": "^4.0.2"
			},
			"engines": {
				"node": ">=12.0.0"
			},
			"funding": {
				"url": "https://github.com/sponsors/SuperchupuDev"
			}
		},
		"node_modules/tinyglobby/node_modules/fdir": {
			"version": "6.4.6",
			"dev": true,
			"license": "MIT",
			"peerDependencies": {
				"picomatch": "^3 || ^4"
			},
			"peerDependenciesMeta": {
				"picomatch": {
					"optional": true
				}
			}
		},
		"node_modules/tinyglobby/node_modules/picomatch": {
			"version": "4.0.2",
			"dev": true,
			"license": "MIT",
			"engines": {
				"node": ">=12"
			},
			"funding": {
				"url": "https://github.com/sponsors/jonschlinkert"
			}
		},
		"node_modules/tmp": {
			"version": "0.0.33",
			"dev": true,
			"license": "MIT",
			"dependencies": {
				"os-tmpdir": "~1.0.2"
			},
			"engines": {
				"node": ">=0.6.0"
			}
		},
		"node_modules/to-regex-range": {
			"version": "5.0.1",
			"dev": true,
			"license": "MIT",
			"dependencies": {
				"is-number": "^7.0.0"
			},
			"engines": {
				"node": ">=8.0"
			}
		},
		"node_modules/tsconfck": {
			"version": "3.1.6",
			"dev": true,
			"license": "MIT",
			"bin": {
				"tsconfck": "bin/tsconfck.js"
			},
			"engines": {
				"node": "^18 || >=20"
			},
			"peerDependencies": {
				"typescript": "^5.0.0"
			},
			"peerDependenciesMeta": {
				"typescript": {
					"optional": true
				}
			}
		},
		"node_modules/tslib": {
			"version": "2.8.1",
			"resolved": "https://registry.npmjs.org/tslib/-/tslib-2.8.1.tgz",
			"integrity": "sha512-oJFu94HQb+KVduSUQL7wnpmqnfmLsOA/nAh6b6EH0wCEoK0/mPeXU6c3wKDV83MkOuHPRHtSXKKU99IBazS/2w==",
			"dev": true,
			"license": "0BSD",
			"optional": true
		},
		"node_modules/typescript": {
			"version": "5.8.3",
			"dev": true,
			"license": "Apache-2.0",
			"bin": {
				"tsc": "bin/tsc",
				"tsserver": "bin/tsserver"
			},
			"engines": {
				"node": ">=14.17"
			}
		},
		"node_modules/undici-types": {
			"version": "6.21.0",
			"dev": true,
			"license": "MIT"
		},
		"node_modules/universalify": {
			"version": "2.0.1",
			"dev": true,
			"license": "MIT",
			"engines": {
				"node": ">= 10.0.0"
			}
		},
		"node_modules/vite": {
			"version": "6.3.5",
			"dev": true,
			"license": "MIT",
			"dependencies": {
				"esbuild": "^0.25.0",
				"fdir": "^6.4.4",
				"picomatch": "^4.0.2",
				"postcss": "^8.5.3",
				"rollup": "^4.34.9",
				"tinyglobby": "^0.2.13"
			},
			"bin": {
				"vite": "bin/vite.js"
			},
			"engines": {
				"node": "^18.0.0 || ^20.0.0 || >=22.0.0"
			},
			"funding": {
				"url": "https://github.com/vitejs/vite?sponsor=1"
			},
			"optionalDependencies": {
				"fsevents": "~2.3.3"
			},
			"peerDependencies": {
				"@types/node": "^18.0.0 || ^20.0.0 || >=22.0.0",
				"jiti": ">=1.21.0",
				"less": "*",
				"lightningcss": "^1.21.0",
				"sass": "*",
				"sass-embedded": "*",
				"stylus": "*",
				"sugarss": "*",
				"terser": "^5.16.0",
				"tsx": "^4.8.1",
				"yaml": "^2.4.2"
			},
			"peerDependenciesMeta": {
				"@types/node": {
					"optional": true
				},
				"jiti": {
					"optional": true
				},
				"less": {
					"optional": true
				},
				"lightningcss": {
					"optional": true
				},
				"sass": {
					"optional": true
				},
				"sass-embedded": {
					"optional": true
				},
				"stylus": {
					"optional": true
				},
				"sugarss": {
					"optional": true
				},
				"terser": {
					"optional": true
				},
				"tsx": {
					"optional": true
				},
				"yaml": {
					"optional": true
				}
			}
		},
		"node_modules/vite-tsconfig-paths": {
			"version": "5.1.4",
			"dev": true,
			"license": "MIT",
			"dependencies": {
				"debug": "^4.1.1",
				"globrex": "^0.1.2",
				"tsconfck": "^3.0.3"
			},
			"peerDependencies": {
				"vite": "*"
			},
			"peerDependenciesMeta": {
				"vite": {
					"optional": true
				}
			}
		},
		"node_modules/vite/node_modules/fdir": {
			"version": "6.4.6",
			"dev": true,
			"license": "MIT",
			"peerDependencies": {
				"picomatch": "^3 || ^4"
			},
			"peerDependenciesMeta": {
				"picomatch": {
					"optional": true
				}
			}
		},
		"node_modules/vite/node_modules/picomatch": {
			"version": "4.0.2",
			"dev": true,
			"license": "MIT",
			"engines": {
				"node": ">=12"
			},
			"funding": {
				"url": "https://github.com/sponsors/jonschlinkert"
			}
		},
		"node_modules/whatwg-mimetype": {
			"version": "3.0.0",
			"dev": true,
			"license": "MIT",
			"engines": {
				"node": ">=12"
			}
		},
		"node_modules/which": {
			"version": "2.0.2",
			"dev": true,
			"license": "ISC",
			"dependencies": {
				"isexe": "^2.0.0"
			},
			"bin": {
				"node-which": "bin/node-which"
			},
			"engines": {
				"node": ">= 8"
			}
		},
		"node_modules/wrappy": {
			"version": "1.0.2",
			"dev": true,
			"license": "ISC"
		},
		"node_modules/ws": {
			"version": "8.18.3",
			"license": "MIT",
			"optional": true,
			"engines": {
				"node": ">=10.0.0"
			},
			"peerDependencies": {
				"bufferutil": "^4.0.1",
				"utf-8-validate": ">=5.0.2"
			},
			"peerDependenciesMeta": {
				"bufferutil": {
					"optional": true
				},
				"utf-8-validate": {
					"optional": true
				}
			}
		},
		"node_modules/yaml": {
			"version": "2.8.0",
			"dev": true,
			"license": "ISC",
			"bin": {
				"yaml": "bin.mjs"
			},
			"engines": {
				"node": ">= 14.6"
			}
		},
		"node_modules/zimmerframe": {
			"version": "1.1.2",
			"dev": true,
			"license": "MIT"
		}
	}
}
